
Microsoft Visual Studio Solution File, Format Version 12.00
# Visual Studio Version 16
VisualStudioVersion = 16.0.30517.126
MinimumVisualStudioVersion = 10.0.40219.1
Project("{9A19103F-16F7-4668-BE54-9A1E7A4F7556}") = "Jean-P2-AP1", "Jean-P2-AP1.csproj", "{FB3FE477-28B1-48C9-9FF7-9FBC55299161}"
EndProject
Global
	GlobalSection(SolutionConfigurationPlatforms) = preSolution
		Debug|Any CPU = Debug|Any CPU
		Release|Any CPU = Release|Any CPU
	EndGlobalSection
	GlobalSection(ProjectConfigurationPlatforms) = postSolution
		{FB3FE477-28B1-48C9-9FF7-9FBC55299161}.Debug|Any CPU.ActiveCfg = Debug|Any CPU
		{FB3FE477-28B1-48C9-9FF7-9FBC55299161}.Debug|Any CPU.Build.0 = Debug|Any CPU
		{FB3FE477-28B1-48C9-9FF7-9FBC55299161}.Release|Any CPU.ActiveCfg = Release|Any CPU
		{FB3FE477-28B1-48C9-9FF7-9FBC55299161}.Release|Any CPU.Build.0 = Release|Any CPU
	EndGlobalSection
	GlobalSection(SolutionProperties) = preSolution
		HideSolutionNode = FALSE
	EndGlobalSection
	GlobalSection(ExtensibilityGlobals) = postSolution
		SolutionGuid = {6D55030F-4359-475D-8C7E-A83DFB5EEAF0}
	EndGlobalSection
EndGlobal
